
Microsoft Visual Studio Solution File, Format Version 12.00
# Visual Studio Version 17
VisualStudioVersion = 17.8.34525.116
MinimumVisualStudioVersion = 10.0.40219.1
Project("{FAE04EC0-301F-11D3-BF4B-00C04F79EFBC}") = "Final project c# (boss az)", "Final project c# (boss az)\Final project c# (boss az).csproj", "{ADD10907-2C6A-4418-959E-CCEBC2165C92}"
EndProject
Global
	GlobalSection(SolutionConfigurationPlatforms) = preSolution
		Debug|Any CPU = Debug|Any CPU
		Release|Any CPU = Release|Any CPU
	EndGlobalSection
	GlobalSection(ProjectConfigurationPlatforms) = postSolution
		{ADD10907-2C6A-4418-959E-CCEBC2165C92}.Debug|Any CPU.ActiveCfg = Debug|Any CPU
		{ADD10907-2C6A-4418-959E-CCEBC2165C92}.Debug|Any CPU.Build.0 = Debug|Any CPU
		{ADD10907-2C6A-4418-959E-CCEBC2165C92}.Release|Any CPU.ActiveCfg = Release|Any CPU
		{ADD10907-2C6A-4418-959E-CCEBC2165C92}.Release|Any CPU.Build.0 = Release|Any CPU
	EndGlobalSection
	GlobalSection(SolutionProperties) = preSolution
		HideSolutionNode = FALSE
	EndGlobalSection
	GlobalSection(ExtensibilityGlobals) = postSolution
		SolutionGuid = {C9F2679D-4E60-4EBB-BFBE-A67BE01348BB}
	EndGlobalSection
EndGlobal
